// !$*UTF8*$!
{
	archiveVersion = 1;
	classes = {
	};
	objectVersion = 46;
	objects = {

/* Begin PBXBuildFile section */
		7F5C7A59168AE9FB2B720025 /* libPods-SOSExamples.a in Frameworks */ = {isa = PBXBuildFile; fileRef = D2F271BE4B7E08D65AF16404 /* libPods-SOSExamples.a */; };
		F2234E3B1D109C8800B5AABB /* main.m in Sources */ = {isa = PBXBuildFile; fileRef = F2234E3A1D109C8800B5AABB /* main.m */; };
		F2234E3C1D109F4E00B5AABB /* compose_icon.png in Resources */ = {isa = PBXBuildFile; fileRef = F269BF31198014A1001E69D7 /* compose_icon.png */; };
		F2234E3D1D109F4E00B5AABB /* compose_icon@2x.png in Resources */ = {isa = PBXBuildFile; fileRef = F269BF32198014A1001E69D7 /* compose_icon@2x.png */; };
		F2234E3E1D109F4E00B5AABB /* contact_icon.png in Resources */ = {isa = PBXBuildFile; fileRef = F269BF33198014A1001E69D7 /* contact_icon.png */; };
		F2234E3F1D109F4E00B5AABB /* contact_icon@2x.png in Resources */ = {isa = PBXBuildFile; fileRef = F269BF34198014A1001E69D7 /* contact_icon@2x.png */; };
		F2234E401D109F4E00B5AABB /* contact_profile.png in Resources */ = {isa = PBXBuildFile; fileRef = F269BF35198014A1001E69D7 /* contact_profile.png */; };
		F2234E411D109F4E00B5AABB /* contact_profile@2x.png in Resources */ = {isa = PBXBuildFile; fileRef = F269BF36198014A1001E69D7 /* contact_profile@2x.png */; };
		F2234E421D109F4E00B5AABB /* Home.png in Resources */ = {isa = PBXBuildFile; fileRef = F269BF37198014A1001E69D7 /* Home.png */; };
		F2234E431D109F4E00B5AABB /* Home@2x.png in Resources */ = {isa = PBXBuildFile; fileRef = F269BF38198014A1001E69D7 /* Home@2x.png */; };
		F2234E441D109F4E00B5AABB /* Profile.png in Resources */ = {isa = PBXBuildFile; fileRef = F269BF39198014A1001E69D7 /* Profile.png */; };
		F2234E451D109F4E00B5AABB /* Profile@2x.png in Resources */ = {isa = PBXBuildFile; fileRef = F269BF3A198014A1001E69D7 /* Profile@2x.png */; };
		F2234E461D109F4E00B5AABB /* sos_button_large.png in Resources */ = {isa = PBXBuildFile; fileRef = F269BF3B198014A1001E69D7 /* sos_button_large.png */; };
		F2234E471D109F4E00B5AABB /* sos_button_large@2x.png in Resources */ = {isa = PBXBuildFile; fileRef = F269BF3C198014A1001E69D7 /* sos_button_large@2x.png */; };
		F2234E481D109F4E00B5AABB /* sos_button.png in Resources */ = {isa = PBXBuildFile; fileRef = F269BF3D198014A1001E69D7 /* sos_button.png */; };
		F2234E491D109F4E00B5AABB /* sos_button@2x.png in Resources */ = {isa = PBXBuildFile; fileRef = F269BF3E198014A1001E69D7 /* sos_button@2x.png */; };
		F2234E4A1D109F4E00B5AABB /* user_icon.png in Resources */ = {isa = PBXBuildFile; fileRef = F269BF3F198014A1001E69D7 /* user_icon.png */; };
		F2234E4B1D109F4E00B5AABB /* user_icon@2x.png in Resources */ = {isa = PBXBuildFile; fileRef = F269BF40198014A1001E69D7 /* user_icon@2x.png */; };
		F2234E4C1D10A01B00B5AABB /* ContactsTableViewController.m in Sources */ = {isa = PBXBuildFile; fileRef = F269BF5519802C74001E69D7 /* ContactsTableViewController.m */; };
		F2234E4D1D10A01E00B5AABB /* ProfileViewController.m in Sources */ = {isa = PBXBuildFile; fileRef = 01A6DDCC19E6D6C600CC74E9 /* ProfileViewController.m */; };
		F2234E511D11A14600B5AABB /* SOSButton.m in Sources */ = {isa = PBXBuildFile; fileRef = F2234E501D11A14600B5AABB /* SOSButton.m */; };
		F2234E521D11B9E200B5AABB /* SOSSettings.plist in Resources */ = {isa = PBXBuildFile; fileRef = F2B167A31981934300A91FC4 /* SOSSettings.plist */; };
		F2F81FD11D108A7C001C53A5 /* AppDelegate.m in Sources */ = {isa = PBXBuildFile; fileRef = F269BF09198012E7001E69D7 /* AppDelegate.m */; };
		F2F81FD21D108A7E001C53A5 /* ViewController.m in Sources */ = {isa = PBXBuildFile; fileRef = F269BF0F198012E7001E69D7 /* ViewController.m */; };
		F2F81FD31D108A82001C53A5 /* Main.storyboard in Resources */ = {isa = PBXBuildFile; fileRef = F269BF0B198012E7001E69D7 /* Main.storyboard */; };
		F2F81FD41D108A83001C53A5 /* LaunchImage.xib in Resources */ = {isa = PBXBuildFile; fileRef = 016221D119E6F0E30090DDFB /* LaunchImage.xib */; };
		F2F81FD51D108A85001C53A5 /* Images.xcassets in Resources */ = {isa = PBXBuildFile; fileRef = F269BF11198012E7001E69D7 /* Images.xcassets */; };
		F2F81FD91D108B66001C53A5 /* SOSExampleOnboardingViewController.m in Sources */ = {isa = PBXBuildFile; fileRef = F2F81FD81D108B66001C53A5 /* SOSExampleOnboardingViewController.m */; };
		F2F81FDC1D108E5D001C53A5 /* SOSExampleConnectingViewController.m in Sources */ = {isa = PBXBuildFile; fileRef = F2F81FDB1D108E5D001C53A5 /* SOSExampleConnectingViewController.m */; };
		F2F81FDF1D108E72001C53A5 /* SOSExampleScreenSharingViewController.m in Sources */ = {isa = PBXBuildFile; fileRef = F2F81FDE1D108E72001C53A5 /* SOSExampleScreenSharingViewController.m */; };
/* End PBXBuildFile section */

/* Begin PBXFileReference section */
		016221D119E6F0E30090DDFB /* LaunchImage.xib */ = {isa = PBXFileReference; fileEncoding = 4; lastKnownFileType = file.xib; path = LaunchImage.xib; sourceTree = "<group>"; };
		01A6DDCB19E6D6C600CC74E9 /* ProfileViewController.h */ = {isa = PBXFileReference; fileEncoding = 4; lastKnownFileType = sourcecode.c.h; path = ProfileViewController.h; sourceTree = "<group>"; };
		01A6DDCC19E6D6C600CC74E9 /* ProfileViewController.m */ = {isa = PBXFileReference; fileEncoding = 4; lastKnownFileType = sourcecode.c.objc; path = ProfileViewController.m; sourceTree = "<group>"; };
		54CF9D4109FE7EB1005656D3 /* Pods-SOSExamples.debug.xcconfig */ = {isa = PBXFileReference; includeInIndex = 1; lastKnownFileType = text.xcconfig; name = "Pods-SOSExamples.debug.xcconfig"; path = "Pods/Target Support Files/Pods-SOSExamples/Pods-SOSExamples.debug.xcconfig"; sourceTree = "<group>"; };
		D2F271BE4B7E08D65AF16404 /* libPods-SOSExamples.a */ = {isa = PBXFileReference; explicitFileType = archive.ar; includeInIndex = 0; path = "libPods-SOSExamples.a"; sourceTree = BUILT_PRODUCTS_DIR; };
		F2234E3A1D109C8800B5AABB /* main.m */ = {isa = PBXFileReference; fileEncoding = 4; lastKnownFileType = sourcecode.c.objc; path = main.m; sourceTree = "<group>"; };
		F2234E4F1D11A14600B5AABB /* SOSButton.h */ = {isa = PBXFileReference; fileEncoding = 4; lastKnownFileType = sourcecode.c.h; name = SOSButton.h; path = SOS/Views/SOSButton.h; sourceTree = "<group>"; };
		F2234E501D11A14600B5AABB /* SOSButton.m */ = {isa = PBXFileReference; fileEncoding = 4; lastKnownFileType = sourcecode.c.objc; name = SOSButton.m; path = SOS/Views/SOSButton.m; sourceTree = "<group>"; };
		F269BEF9198012E7001E69D7 /* Foundation.framework */ = {isa = PBXFileReference; lastKnownFileType = wrapper.framework; name = Foundation.framework; path = System/Library/Frameworks/Foundation.framework; sourceTree = SDKROOT; };
		F269BEFB198012E7001E69D7 /* CoreGraphics.framework */ = {isa = PBXFileReference; lastKnownFileType = wrapper.framework; name = CoreGraphics.framework; path = System/Library/Frameworks/CoreGraphics.framework; sourceTree = SDKROOT; };
		F269BEFD198012E7001E69D7 /* UIKit.framework */ = {isa = PBXFileReference; lastKnownFileType = wrapper.framework; name = UIKit.framework; path = System/Library/Frameworks/UIKit.framework; sourceTree = SDKROOT; };
		F269BF01198012E7001E69D7 /* SOSExamples-Info.plist */ = {isa = PBXFileReference; lastKnownFileType = text.plist.xml; path = "SOSExamples-Info.plist"; sourceTree = "<group>"; };
		F269BF03198012E7001E69D7 /* en */ = {isa = PBXFileReference; lastKnownFileType = text.plist.strings; name = en; path = en.lproj/InfoPlist.strings; sourceTree = "<group>"; };
		F269BF05198012E7001E69D7 /* main.m */ = {isa = PBXFileReference; lastKnownFileType = sourcecode.c.objc; path = main.m; sourceTree = "<group>"; };
		F269BF07198012E7001E69D7 /* SOSExamples-Prefix.pch */ = {isa = PBXFileReference; lastKnownFileType = sourcecode.c.h; path = "SOSExamples-Prefix.pch"; sourceTree = "<group>"; };
		F269BF08198012E7001E69D7 /* AppDelegate.h */ = {isa = PBXFileReference; lastKnownFileType = sourcecode.c.h; path = AppDelegate.h; sourceTree = "<group>"; };
		F269BF09198012E7001E69D7 /* AppDelegate.m */ = {isa = PBXFileReference; lastKnownFileType = sourcecode.c.objc; path = AppDelegate.m; sourceTree = "<group>"; };
		F269BF0C198012E7001E69D7 /* Base */ = {isa = PBXFileReference; lastKnownFileType = file.storyboard; name = Base; path = Base.lproj/Main.storyboard; sourceTree = "<group>"; };
		F269BF0E198012E7001E69D7 /* ViewController.h */ = {isa = PBXFileReference; lastKnownFileType = sourcecode.c.h; path = ViewController.h; sourceTree = "<group>"; };
		F269BF0F198012E7001E69D7 /* ViewController.m */ = {isa = PBXFileReference; lastKnownFileType = sourcecode.c.objc; path = ViewController.m; sourceTree = "<group>"; };
		F269BF11198012E7001E69D7 /* Images.xcassets */ = {isa = PBXFileReference; lastKnownFileType = folder.assetcatalog; path = Images.xcassets; sourceTree = "<group>"; };
		F269BF31198014A1001E69D7 /* compose_icon.png */ = {isa = PBXFileReference; lastKnownFileType = image.png; name = compose_icon.png; path = Assets/compose_icon.png; sourceTree = "<group>"; };
		F269BF32198014A1001E69D7 /* compose_icon@2x.png */ = {isa = PBXFileReference; lastKnownFileType = image.png; name = "compose_icon@2x.png"; path = "Assets/compose_icon@2x.png"; sourceTree = "<group>"; };
		F269BF33198014A1001E69D7 /* contact_icon.png */ = {isa = PBXFileReference; lastKnownFileType = image.png; name = contact_icon.png; path = Assets/contact_icon.png; sourceTree = "<group>"; };
		F269BF34198014A1001E69D7 /* contact_icon@2x.png */ = {isa = PBXFileReference; lastKnownFileType = image.png; name = "contact_icon@2x.png"; path = "Assets/contact_icon@2x.png"; sourceTree = "<group>"; };
		F269BF35198014A1001E69D7 /* contact_profile.png */ = {isa = PBXFileReference; lastKnownFileType = image.png; name = contact_profile.png; path = Assets/contact_profile.png; sourceTree = "<group>"; };
		F269BF36198014A1001E69D7 /* contact_profile@2x.png */ = {isa = PBXFileReference; lastKnownFileType = image.png; name = "contact_profile@2x.png"; path = "Assets/contact_profile@2x.png"; sourceTree = "<group>"; };
		F269BF37198014A1001E69D7 /* Home.png */ = {isa = PBXFileReference; lastKnownFileType = image.png; name = Home.png; path = Assets/Home.png; sourceTree = "<group>"; };
		F269BF38198014A1001E69D7 /* Home@2x.png */ = {isa = PBXFileReference; lastKnownFileType = image.png; name = "Home@2x.png"; path = "Assets/Home@2x.png"; sourceTree = "<group>"; };
		F269BF39198014A1001E69D7 /* Profile.png */ = {isa = PBXFileReference; lastKnownFileType = image.png; name = Profile.png; path = Assets/Profile.png; sourceTree = "<group>"; };
		F269BF3A198014A1001E69D7 /* Profile@2x.png */ = {isa = PBXFileReference; lastKnownFileType = image.png; name = "Profile@2x.png"; path = "Assets/Profile@2x.png"; sourceTree = "<group>"; };
		F269BF3B198014A1001E69D7 /* sos_button_large.png */ = {isa = PBXFileReference; lastKnownFileType = image.png; name = sos_button_large.png; path = Assets/sos_button_large.png; sourceTree = "<group>"; };
		F269BF3C198014A1001E69D7 /* sos_button_large@2x.png */ = {isa = PBXFileReference; lastKnownFileType = image.png; name = "sos_button_large@2x.png"; path = "Assets/sos_button_large@2x.png"; sourceTree = "<group>"; };
		F269BF3D198014A1001E69D7 /* sos_button.png */ = {isa = PBXFileReference; lastKnownFileType = image.png; name = sos_button.png; path = Assets/sos_button.png; sourceTree = "<group>"; };
		F269BF3E198014A1001E69D7 /* sos_button@2x.png */ = {isa = PBXFileReference; lastKnownFileType = image.png; name = "sos_button@2x.png"; path = "Assets/sos_button@2x.png"; sourceTree = "<group>"; };
		F269BF3F198014A1001E69D7 /* user_icon.png */ = {isa = PBXFileReference; lastKnownFileType = image.png; name = user_icon.png; path = Assets/user_icon.png; sourceTree = "<group>"; };
		F269BF40198014A1001E69D7 /* user_icon@2x.png */ = {isa = PBXFileReference; lastKnownFileType = image.png; name = "user_icon@2x.png"; path = "Assets/user_icon@2x.png"; sourceTree = "<group>"; };
		F269BF5419802C74001E69D7 /* ContactsTableViewController.h */ = {isa = PBXFileReference; fileEncoding = 4; lastKnownFileType = sourcecode.c.h; path = ContactsTableViewController.h; sourceTree = "<group>"; };
		F269BF5519802C74001E69D7 /* ContactsTableViewController.m */ = {isa = PBXFileReference; fileEncoding = 4; lastKnownFileType = sourcecode.c.objc; path = ContactsTableViewController.m; sourceTree = "<group>"; };
		F2B167A31981934300A91FC4 /* SOSSettings.plist */ = {isa = PBXFileReference; fileEncoding = 4; lastKnownFileType = text.plist.xml; name = SOSSettings.plist; path = SOSExamples/SOSSettings.plist; sourceTree = "<group>"; };
		F2F81FBA1D108A10001C53A5 /* SOSExamples.app */ = {isa = PBXFileReference; explicitFileType = wrapper.application; includeInIndex = 0; path = SOSExamples.app; sourceTree = BUILT_PRODUCTS_DIR; };
		F2F81FD71D108B66001C53A5 /* SOSExampleOnboardingViewController.h */ = {isa = PBXFileReference; fileEncoding = 4; lastKnownFileType = sourcecode.c.h; name = SOSExampleOnboardingViewController.h; path = SOS/ViewControllers/SOSExampleOnboardingViewController.h; sourceTree = "<group>"; };
		F2F81FD81D108B66001C53A5 /* SOSExampleOnboardingViewController.m */ = {isa = PBXFileReference; fileEncoding = 4; lastKnownFileType = sourcecode.c.objc; name = SOSExampleOnboardingViewController.m; path = SOS/ViewControllers/SOSExampleOnboardingViewController.m; sourceTree = "<group>"; };
		F2F81FDA1D108E5D001C53A5 /* SOSExampleConnectingViewController.h */ = {isa = PBXFileReference; fileEncoding = 4; lastKnownFileType = sourcecode.c.h; name = SOSExampleConnectingViewController.h; path = SOS/ViewControllers/SOSExampleConnectingViewController.h; sourceTree = "<group>"; };
		F2F81FDB1D108E5D001C53A5 /* SOSExampleConnectingViewController.m */ = {isa = PBXFileReference; fileEncoding = 4; lastKnownFileType = sourcecode.c.objc; name = SOSExampleConnectingViewController.m; path = SOS/ViewControllers/SOSExampleConnectingViewController.m; sourceTree = "<group>"; };
		F2F81FDD1D108E72001C53A5 /* SOSExampleScreenSharingViewController.h */ = {isa = PBXFileReference; fileEncoding = 4; lastKnownFileType = sourcecode.c.h; name = SOSExampleScreenSharingViewController.h; path = SOS/ViewControllers/SOSExampleScreenSharingViewController.h; sourceTree = "<group>"; };
		F2F81FDE1D108E72001C53A5 /* SOSExampleScreenSharingViewController.m */ = {isa = PBXFileReference; fileEncoding = 4; lastKnownFileType = sourcecode.c.objc; name = SOSExampleScreenSharingViewController.m; path = SOS/ViewControllers/SOSExampleScreenSharingViewController.m; sourceTree = "<group>"; };
		F7C7E41A084C78E781D6FE09 /* Pods-SOSExamples.release.xcconfig */ = {isa = PBXFileReference; includeInIndex = 1; lastKnownFileType = text.xcconfig; name = "Pods-SOSExamples.release.xcconfig"; path = "Pods/Target Support Files/Pods-SOSExamples/Pods-SOSExamples.release.xcconfig"; sourceTree = "<group>"; };
/* End PBXFileReference section */

/* Begin PBXFrameworksBuildPhase section */
		F2F81FB71D108A10001C53A5 /* Frameworks */ = {
			isa = PBXFrameworksBuildPhase;
			buildActionMask = 2147483647;
			files = (
				7F5C7A59168AE9FB2B720025 /* libPods-SOSExamples.a in Frameworks */,
			);
			runOnlyForDeploymentPostprocessing = 0;
		};
/* End PBXFrameworksBuildPhase section */

/* Begin PBXGroup section */
		4736CE1B1727BF51A7BADB2E /* Pods */ = {
			isa = PBXGroup;
			children = (
				54CF9D4109FE7EB1005656D3 /* Pods-SOSExamples.debug.xcconfig */,
				F7C7E41A084C78E781D6FE09 /* Pods-SOSExamples.release.xcconfig */,
			);
			name = Pods;
			sourceTree = "<group>";
		};
		F2234E4E1D11A11F00B5AABB /* Views */ = {
			isa = PBXGroup;
			children = (
				F2234E4F1D11A14600B5AABB /* SOSButton.h */,
				F2234E501D11A14600B5AABB /* SOSButton.m */,
			);
			name = Views;
			sourceTree = "<group>";
		};
		F269BEED198012E7001E69D7 = {
			isa = PBXGroup;
			children = (
				F2B167A31981934300A91FC4 /* SOSSettings.plist */,
				F269BEFF198012E7001E69D7 /* Common */,
				F269BEF8198012E7001E69D7 /* Frameworks */,
				F269BEF7198012E7001E69D7 /* Products */,
				4736CE1B1727BF51A7BADB2E /* Pods */,
			);
			sourceTree = "<group>";
		};
		F269BEF7198012E7001E69D7 /* Products */ = {
			isa = PBXGroup;
			children = (
				F2F81FBA1D108A10001C53A5 /* SOSExamples.app */,
			);
			name = Products;
			sourceTree = "<group>";
		};
		F269BEF8198012E7001E69D7 /* Frameworks */ = {
			isa = PBXGroup;
			children = (
				F269BEF9198012E7001E69D7 /* Foundation.framework */,
				F269BEFB198012E7001E69D7 /* CoreGraphics.framework */,
				F269BEFD198012E7001E69D7 /* UIKit.framework */,
				D2F271BE4B7E08D65AF16404 /* libPods-SOSExamples.a */,
			);
			name = Frameworks;
			sourceTree = "<group>";
		};
		F269BEFF198012E7001E69D7 /* Common */ = {
			isa = PBXGroup;
			children = (
				F269BF2E1980145D001E69D7 /* Assets */,
				F269BF5319802C2E001E69D7 /* Custom View Controllers */,
				F269BF00198012E7001E69D7 /* Supporting Files */,
				F2B1678E19813B9200A91FC4 /* SOS */,
				F269BF08198012E7001E69D7 /* AppDelegate.h */,
				F269BF09198012E7001E69D7 /* AppDelegate.m */,
				F269BF0E198012E7001E69D7 /* ViewController.h */,
				F269BF0F198012E7001E69D7 /* ViewController.m */,
				F2234E3A1D109C8800B5AABB /* main.m */,
				F269BF11198012E7001E69D7 /* Images.xcassets */,
				016221D119E6F0E30090DDFB /* LaunchImage.xib */,
				F269BF0B198012E7001E69D7 /* Main.storyboard */,
			);
			name = Common;
			path = SOSExamples;
			sourceTree = "<group>";
		};
		F269BF00198012E7001E69D7 /* Supporting Files */ = {
			isa = PBXGroup;
			children = (
				F269BF01198012E7001E69D7 /* SOSExamples-Info.plist */,
				F269BF02198012E7001E69D7 /* InfoPlist.strings */,
				F269BF05198012E7001E69D7 /* main.m */,
				F269BF07198012E7001E69D7 /* SOSExamples-Prefix.pch */,
			);
			name = "Supporting Files";
			sourceTree = "<group>";
		};
		F269BF2E1980145D001E69D7 /* Assets */ = {
			isa = PBXGroup;
			children = (
				F269BF31198014A1001E69D7 /* compose_icon.png */,
				F269BF32198014A1001E69D7 /* compose_icon@2x.png */,
				F269BF33198014A1001E69D7 /* contact_icon.png */,
				F269BF34198014A1001E69D7 /* contact_icon@2x.png */,
				F269BF35198014A1001E69D7 /* contact_profile.png */,
				F269BF36198014A1001E69D7 /* contact_profile@2x.png */,
				F269BF37198014A1001E69D7 /* Home.png */,
				F269BF38198014A1001E69D7 /* Home@2x.png */,
				F269BF39198014A1001E69D7 /* Profile.png */,
				F269BF3A198014A1001E69D7 /* Profile@2x.png */,
				F269BF3B198014A1001E69D7 /* sos_button_large.png */,
				F269BF3C198014A1001E69D7 /* sos_button_large@2x.png */,
				F269BF3D198014A1001E69D7 /* sos_button.png */,
				F269BF3E198014A1001E69D7 /* sos_button@2x.png */,
				F269BF3F198014A1001E69D7 /* user_icon.png */,
				F269BF40198014A1001E69D7 /* user_icon@2x.png */,
			);
			name = Assets;
			sourceTree = "<group>";
		};
		F269BF5319802C2E001E69D7 /* Custom View Controllers */ = {
			isa = PBXGroup;
			children = (
				F269BF5419802C74001E69D7 /* ContactsTableViewController.h */,
				F269BF5519802C74001E69D7 /* ContactsTableViewController.m */,
				01A6DDCB19E6D6C600CC74E9 /* ProfileViewController.h */,
				01A6DDCC19E6D6C600CC74E9 /* ProfileViewController.m */,
			);
			name = "Custom View Controllers";
			sourceTree = "<group>";
		};
		F2B1678E19813B9200A91FC4 /* SOS */ = {
			isa = PBXGroup;
			children = (
				F2234E4E1D11A11F00B5AABB /* Views */,
				F2F81FD61D108B2D001C53A5 /* View Controllers */,
			);
			name = SOS;
			sourceTree = "<group>";
		};
		F2F81FD61D108B2D001C53A5 /* View Controllers */ = {
			isa = PBXGroup;
			children = (
				F2F81FD71D108B66001C53A5 /* SOSExampleOnboardingViewController.h */,
				F2F81FD81D108B66001C53A5 /* SOSExampleOnboardingViewController.m */,
				F2F81FDA1D108E5D001C53A5 /* SOSExampleConnectingViewController.h */,
				F2F81FDB1D108E5D001C53A5 /* SOSExampleConnectingViewController.m */,
				F2F81FDD1D108E72001C53A5 /* SOSExampleScreenSharingViewController.h */,
				F2F81FDE1D108E72001C53A5 /* SOSExampleScreenSharingViewController.m */,
			);
			name = "View Controllers";
			sourceTree = "<group>";
		};
/* End PBXGroup section */

/* Begin PBXNativeTarget section */
		F2F81FB91D108A10001C53A5 /* SOSExamples */ = {
			isa = PBXNativeTarget;
			buildConfigurationList = F2F81FCE1D108A10001C53A5 /* Build configuration list for PBXNativeTarget "SOSExamples" */;
			buildPhases = (
				E8EA6E5559DB393AB8C95CD5 /* [CP] Check Pods Manifest.lock */,
				F2F81FB61D108A10001C53A5 /* Sources */,
				F2F81FB71D108A10001C53A5 /* Frameworks */,
				F2F81FB81D108A10001C53A5 /* Resources */,
				7C5D3C7B413993374578AD8D /* [CP] Embed Pods Frameworks */,
				9ADE1068B6CA30317872F982 /* [CP] Copy Pods Resources */,
			);
			buildRules = (
			);
			dependencies = (
			);
			name = SOSExamples;
			productName = SOSExamples;
			productReference = F2F81FBA1D108A10001C53A5 /* SOSExamples.app */;
			productType = "com.apple.product-type.application";
		};
/* End PBXNativeTarget section */

/* Begin PBXProject section */
		F269BEEE198012E7001E69D7 /* Project object */ = {
			isa = PBXProject;
			attributes = {
				LastUpgradeCheck = 0700;
				ORGANIZATIONNAME = goinstant;
				TargetAttributes = {
					F2F81FB91D108A10001C53A5 = {
						CreatedOnToolsVersion = 7.3.1;
					};
				};
			};
			buildConfigurationList = F269BEF1198012E7001E69D7 /* Build configuration list for PBXProject "SOSExamples" */;
			compatibilityVersion = "Xcode 3.2";
			developmentRegion = English;
			hasScannedForEncodings = 0;
			knownRegions = (
				en,
				Base,
			);
			mainGroup = F269BEED198012E7001E69D7;
			productRefGroup = F269BEF7198012E7001E69D7 /* Products */;
			projectDirPath = "";
			projectRoot = "";
			targets = (
				F2F81FB91D108A10001C53A5 /* SOSExamples */,
			);
		};
/* End PBXProject section */

/* Begin PBXResourcesBuildPhase section */
		F2F81FB81D108A10001C53A5 /* Resources */ = {
			isa = PBXResourcesBuildPhase;
			buildActionMask = 2147483647;
			files = (
				F2F81FD31D108A82001C53A5 /* Main.storyboard in Resources */,
				F2234E481D109F4E00B5AABB /* sos_button.png in Resources */,
				F2234E3E1D109F4E00B5AABB /* contact_icon.png in Resources */,
				F2234E451D109F4E00B5AABB /* Profile@2x.png in Resources */,
				F2234E521D11B9E200B5AABB /* SOSSettings.plist in Resources */,
				F2234E421D109F4E00B5AABB /* Home.png in Resources */,
				F2234E401D109F4E00B5AABB /* contact_profile.png in Resources */,
				F2234E3F1D109F4E00B5AABB /* contact_icon@2x.png in Resources */,
				F2234E411D109F4E00B5AABB /* contact_profile@2x.png in Resources */,
				F2234E461D109F4E00B5AABB /* sos_button_large.png in Resources */,
				F2234E4A1D109F4E00B5AABB /* user_icon.png in Resources */,
				F2234E4B1D109F4E00B5AABB /* user_icon@2x.png in Resources */,
				F2234E3C1D109F4E00B5AABB /* compose_icon.png in Resources */,
				F2234E491D109F4E00B5AABB /* sos_button@2x.png in Resources */,
				F2234E441D109F4E00B5AABB /* Profile.png in Resources */,
				F2F81FD51D108A85001C53A5 /* Images.xcassets in Resources */,
				F2F81FD41D108A83001C53A5 /* LaunchImage.xib in Resources */,
				F2234E3D1D109F4E00B5AABB /* compose_icon@2x.png in Resources */,
				F2234E471D109F4E00B5AABB /* sos_button_large@2x.png in Resources */,
				F2234E431D109F4E00B5AABB /* Home@2x.png in Resources */,
			);
			runOnlyForDeploymentPostprocessing = 0;
		};
/* End PBXResourcesBuildPhase section */

/* Begin PBXShellScriptBuildPhase section */
		7C5D3C7B413993374578AD8D /* [CP] Embed Pods Frameworks */ = {
			isa = PBXShellScriptBuildPhase;
			buildActionMask = 2147483647;
			files = (
			);
			inputPaths = (
			);
			name = "[CP] Embed Pods Frameworks";
			outputPaths = (
			);
			runOnlyForDeploymentPostprocessing = 0;
			shellPath = /bin/sh;
			shellScript = "\"${SRCROOT}/Pods/Target Support Files/Pods-SOSExamples/Pods-SOSExamples-frameworks.sh\"\n";
			showEnvVarsInLog = 0;
		};
		9ADE1068B6CA30317872F982 /* [CP] Copy Pods Resources */ = {
			isa = PBXShellScriptBuildPhase;
			buildActionMask = 2147483647;
			files = (
			);
			inputPaths = (
			);
			name = "[CP] Copy Pods Resources";
			outputPaths = (
			);
			runOnlyForDeploymentPostprocessing = 0;
			shellPath = /bin/sh;
			shellScript = "\"${SRCROOT}/Pods/Target Support Files/Pods-SOSExamples/Pods-SOSExamples-resources.sh\"\n";
			showEnvVarsInLog = 0;
		};
		E8EA6E5559DB393AB8C95CD5 /* [CP] Check Pods Manifest.lock */ = {
			isa = PBXShellScriptBuildPhase;
			buildActionMask = 2147483647;
			files = (
			);
			inputPaths = (
			);
			name = "[CP] Check Pods Manifest.lock";
			outputPaths = (
			);
			runOnlyForDeploymentPostprocessing = 0;
			shellPath = /bin/sh;
			shellScript = "diff \"${PODS_ROOT}/../Podfile.lock\" \"${PODS_ROOT}/Manifest.lock\" > /dev/null\nif [[ $? != 0 ]] ; then\n    cat << EOM\nerror: The sandbox is not in sync with the Podfile.lock. Run 'pod install' or update your CocoaPods installation.\nEOM\n    exit 1\nfi\n";
			showEnvVarsInLog = 0;
		};
/* End PBXShellScriptBuildPhase section */

/* Begin PBXSourcesBuildPhase section */
		F2F81FB61D108A10001C53A5 /* Sources */ = {
			isa = PBXSourcesBuildPhase;
			buildActionMask = 2147483647;
			files = (
				F2F81FD11D108A7C001C53A5 /* AppDelegate.m in Sources */,
				F2234E4D1D10A01E00B5AABB /* ProfileViewController.m in Sources */,
				F2F81FD91D108B66001C53A5 /* SOSExampleOnboardingViewController.m in Sources */,
				F2F81FD21D108A7E001C53A5 /* ViewController.m in Sources */,
				F2F81FDF1D108E72001C53A5 /* SOSExampleScreenSharingViewController.m in Sources */,
				F2234E3B1D109C8800B5AABB /* main.m in Sources */,
				F2234E511D11A14600B5AABB /* SOSButton.m in Sources */,
				F2234E4C1D10A01B00B5AABB /* ContactsTableViewController.m in Sources */,
				F2F81FDC1D108E5D001C53A5 /* SOSExampleConnectingViewController.m in Sources */,
			);
			runOnlyForDeploymentPostprocessing = 0;
		};
/* End PBXSourcesBuildPhase section */

/* Begin PBXVariantGroup section */
		F269BF02198012E7001E69D7 /* InfoPlist.strings */ = {
			isa = PBXVariantGroup;
			children = (
				F269BF03198012E7001E69D7 /* en */,
			);
			name = InfoPlist.strings;
			sourceTree = "<group>";
		};
		F269BF0B198012E7001E69D7 /* Main.storyboard */ = {
			isa = PBXVariantGroup;
			children = (
				F269BF0C198012E7001E69D7 /* Base */,
			);
			name = Main.storyboard;
			sourceTree = "<group>";
		};
/* End PBXVariantGroup section */

/* Begin XCBuildConfiguration section */
		F269BF26198012E7001E69D7 /* Debug */ = {
			isa = XCBuildConfiguration;
			buildSettings = {
				ALWAYS_SEARCH_USER_PATHS = NO;
				CLANG_CXX_LANGUAGE_STANDARD = "gnu++0x";
				CLANG_CXX_LIBRARY = "libc++";
				CLANG_ENABLE_MODULES = YES;
				CLANG_ENABLE_OBJC_ARC = YES;
				CLANG_WARN_BOOL_CONVERSION = YES;
				CLANG_WARN_CONSTANT_CONVERSION = YES;
				CLANG_WARN_DIRECT_OBJC_ISA_USAGE = YES_ERROR;
				CLANG_WARN_EMPTY_BODY = YES;
				CLANG_WARN_ENUM_CONVERSION = YES;
				CLANG_WARN_INT_CONVERSION = YES;
				CLANG_WARN_OBJC_ROOT_CLASS = YES_ERROR;
				CLANG_WARN__DUPLICATE_METHOD_MATCH = YES;
				"CODE_SIGN_IDENTITY[sdk=iphoneos*]" = "iPhone Developer";
				COPY_PHASE_STRIP = NO;
				ENABLE_BITCODE = NO;
				ENABLE_TESTABILITY = YES;
				GCC_C_LANGUAGE_STANDARD = gnu99;
				GCC_DYNAMIC_NO_PIC = NO;
				GCC_OPTIMIZATION_LEVEL = 0;
				GCC_PREPROCESSOR_DEFINITIONS = (
					"DEBUG=1",
					"$(inherited)",
				);
				GCC_SYMBOLS_PRIVATE_EXTERN = NO;
				GCC_WARN_64_TO_32_BIT_CONVERSION = YES;
				GCC_WARN_ABOUT_RETURN_TYPE = YES_ERROR;
				GCC_WARN_UNDECLARED_SELECTOR = YES;
				GCC_WARN_UNINITIALIZED_AUTOS = YES_AGGRESSIVE;
				GCC_WARN_UNUSED_FUNCTION = YES;
				GCC_WARN_UNUSED_VARIABLE = YES;
				IPHONEOS_DEPLOYMENT_TARGET = 8.0;
				ONLY_ACTIVE_ARCH = YES;
				SDKROOT = iphoneos;
			};
			name = Debug;
		};
		F269BF27198012E7001E69D7 /* Release */ = {
			isa = XCBuildConfiguration;
			buildSettings = {
				ALWAYS_SEARCH_USER_PATHS = NO;
				CLANG_CXX_LANGUAGE_STANDARD = "gnu++0x";
				CLANG_CXX_LIBRARY = "libc++";
				CLANG_ENABLE_MODULES = YES;
				CLANG_ENABLE_OBJC_ARC = YES;
				CLANG_WARN_BOOL_CONVERSION = YES;
				CLANG_WARN_CONSTANT_CONVERSION = YES;
				CLANG_WARN_DIRECT_OBJC_ISA_USAGE = YES_ERROR;
				CLANG_WARN_EMPTY_BODY = YES;
				CLANG_WARN_ENUM_CONVERSION = YES;
				CLANG_WARN_INT_CONVERSION = YES;
				CLANG_WARN_OBJC_ROOT_CLASS = YES_ERROR;
				CLANG_WARN__DUPLICATE_METHOD_MATCH = YES;
				"CODE_SIGN_IDENTITY[sdk=iphoneos*]" = "iPhone Developer";
				COPY_PHASE_STRIP = YES;
				ENABLE_BITCODE = NO;
				ENABLE_NS_ASSERTIONS = NO;
				GCC_C_LANGUAGE_STANDARD = gnu99;
				GCC_WARN_64_TO_32_BIT_CONVERSION = YES;
				GCC_WARN_ABOUT_RETURN_TYPE = YES_ERROR;
				GCC_WARN_UNDECLARED_SELECTOR = YES;
				GCC_WARN_UNINITIALIZED_AUTOS = YES_AGGRESSIVE;
				GCC_WARN_UNUSED_FUNCTION = YES;
				GCC_WARN_UNUSED_VARIABLE = YES;
				IPHONEOS_DEPLOYMENT_TARGET = 8.0;
				SDKROOT = iphoneos;
				VALIDATE_PRODUCT = YES;
			};
			name = Release;
		};
		F2F81FCF1D108A10001C53A5 /* Debug */ = {
			isa = XCBuildConfiguration;
			baseConfigurationReference = 54CF9D4109FE7EB1005656D3 /* Pods-SOSExamples.debug.xcconfig */;
			buildSettings = {
				ASSETCATALOG_COMPILER_APPICON_NAME = AppIcon;
				CLANG_ANALYZER_NONNULL = YES;
				CLANG_WARN_UNREACHABLE_CODE = YES;
				DEBUG_INFORMATION_FORMAT = dwarf;
				ENABLE_STRICT_OBJC_MSGSEND = YES;
				GCC_NO_COMMON_BLOCKS = YES;
				GCC_PREFIX_HEADER = "SOSExamples/SOSExamples-Prefix.pch";
				INFOPLIST_FILE = "SOSExamples/SOSExamples-Info.plist";
				IPHONEOS_DEPLOYMENT_TARGET = 8.0;
				LD_RUNPATH_SEARCH_PATHS = "$(inherited) @executable_path/Frameworks";
				MTL_ENABLE_DEBUG_INFO = YES;
				PRODUCT_BUNDLE_IDENTIFIER = com.salesforce.ServiceSDK.SOSExamples;
				PRODUCT_NAME = "$(TARGET_NAME)";
				TARGETED_DEVICE_FAMILY = "1,2";
			};
			name = Debug;
		};
		F2F81FD01D108A10001C53A5 /* Release */ = {
			isa = XCBuildConfiguration;
			baseConfigurationReference = F7C7E41A084C78E781D6FE09 /* Pods-SOSExamples.release.xcconfig */;
			buildSettings = {
				ASSETCATALOG_COMPILER_APPICON_NAME = AppIcon;
				CLANG_ANALYZER_NONNULL = YES;
				CLANG_WARN_UNREACHABLE_CODE = YES;
				COPY_PHASE_STRIP = NO;
				DEBUG_INFORMATION_FORMAT = "dwarf-with-dsym";
				ENABLE_STRICT_OBJC_MSGSEND = YES;
				GCC_NO_COMMON_BLOCKS = YES;
				GCC_PREFIX_HEADER = "SOSExamples/SOSExamples-Prefix.pch";
				INFOPLIST_FILE = "SOSExamples/SOSExamples-Info.plist";
				IPHONEOS_DEPLOYMENT_TARGET = 8.0;
				LD_RUNPATH_SEARCH_PATHS = "$(inherited) @executable_path/Frameworks";
				MTL_ENABLE_DEBUG_INFO = NO;
				PRODUCT_BUNDLE_IDENTIFIER = com.salesforce.ServiceSDK.SOSExamples;
				PRODUCT_NAME = "$(TARGET_NAME)";
				TARGETED_DEVICE_FAMILY = "1,2";
			};
			name = Release;
		};
/* End XCBuildConfiguration section */

/* Begin XCConfigurationList section */
		F269BEF1198012E7001E69D7 /* Build configuration list for PBXProject "SOSExamples" */ = {
			isa = XCConfigurationList;
			buildConfigurations = (
				F269BF26198012E7001E69D7 /* Debug */,
				F269BF27198012E7001E69D7 /* Release */,
			);
			defaultConfigurationIsVisible = 0;
			defaultConfigurationName = Release;
		};
		F2F81FCE1D108A10001C53A5 /* Build configuration list for PBXNativeTarget "SOSExamples" */ = {
			isa = XCConfigurationList;
			buildConfigurations = (
				F2F81FCF1D108A10001C53A5 /* Debug */,
				F2F81FD01D108A10001C53A5 /* Release */,
			);
			defaultConfigurationIsVisible = 0;
			defaultConfigurationName = Release;
		};
/* End XCConfigurationList section */
	};
	rootObject = F269BEEE198012E7001E69D7 /* Project object */;
}
